
Microsoft Visual Studio Solution File, Format Version 12.00
# Visual Studio 2013
VisualStudioVersion = 12.0.31101.0
MinimumVisualStudioVersion = 10.0.40219.1
Project("{FAE04EC0-301F-11D3-BF4B-00C04F79EFBC}") = "ArandaWeb", "ArandaWeb\ArandaWeb.csproj", "{B74EA179-8D7D-4B1D-88E0-CCD18B1FDC43}"
EndProject
Project("{2150E333-8FDC-42A3-9474-1A3956D46DE8}") = "1. Presentación", "1. Presentación", "{24DAD56C-FBE4-478C-BB28-44DF8E965C7E}"
EndProject
Project("{2150E333-8FDC-42A3-9474-1A3956D46DE8}") = "2. Servicios", "2. Servicios", "{99D3E129-8976-4ECB-8DB9-EB2C8220CD1E}"
EndProject
Project("{FAE04EC0-301F-11D3-BF4B-00C04F79EFBC}") = "ServiciosAranda", "ServiciosAranda\ServiciosAranda.csproj", "{91371F1F-965E-4C5E-9ECD-61923410FAA3}"
EndProject
Project("{2150E333-8FDC-42A3-9474-1A3956D46DE8}") = "4. Acceso a Datos", "4. Acceso a Datos", "{C45B2BC0-1489-4BCC-B3E8-2F6EA3789A6C}"
EndProject
Project("{FAE04EC0-301F-11D3-BF4B-00C04F79EFBC}") = "Acceso", "Acceso\Acceso.csproj", "{C4FC1C4E-F760-47D7-AC0F-BDA1B339E591}"
EndProject
Project("{2150E333-8FDC-42A3-9474-1A3956D46DE8}") = "3. Logica", "3. Logica", "{505832BF-3AE2-4C57-870E-CD6C1C0D8C9C}"
EndProject
Project("{FAE04EC0-301F-11D3-BF4B-00C04F79EFBC}") = "ArandaLogica", "ArandaLogica\ArandaLogica.csproj", "{8F2407A0-2F56-4FE4-BC50-8456FA1F24A6}"
EndProject
Project("{2150E333-8FDC-42A3-9474-1A3956D46DE8}") = "5. Test", "5. Test", "{5709AAE8-EB06-49F6-84EA-9C9C3CD0A861}"
EndProject
Project("{FAE04EC0-301F-11D3-BF4B-00C04F79EFBC}") = "UnitTest", "UnitTest\UnitTest.csproj", "{B488F3A7-CC2F-4CA9-9DEA-72BD7C5DB174}"
EndProject
Global
	GlobalSection(SolutionConfigurationPlatforms) = preSolution
		Debug|Any CPU = Debug|Any CPU
		Release|Any CPU = Release|Any CPU
	EndGlobalSection
	GlobalSection(ProjectConfigurationPlatforms) = postSolution
		{B74EA179-8D7D-4B1D-88E0-CCD18B1FDC43}.Debug|Any CPU.ActiveCfg = Debug|Any CPU
		{B74EA179-8D7D-4B1D-88E0-CCD18B1FDC43}.Debug|Any CPU.Build.0 = Debug|Any CPU
		{B74EA179-8D7D-4B1D-88E0-CCD18B1FDC43}.Release|Any CPU.ActiveCfg = Release|Any CPU
		{B74EA179-8D7D-4B1D-88E0-CCD18B1FDC43}.Release|Any CPU.Build.0 = Release|Any CPU
		{91371F1F-965E-4C5E-9ECD-61923410FAA3}.Debug|Any CPU.ActiveCfg = Debug|Any CPU
		{91371F1F-965E-4C5E-9ECD-61923410FAA3}.Debug|Any CPU.Build.0 = Debug|Any CPU
		{91371F1F-965E-4C5E-9ECD-61923410FAA3}.Release|Any CPU.ActiveCfg = Release|Any CPU
		{91371F1F-965E-4C5E-9ECD-61923410FAA3}.Release|Any CPU.Build.0 = Release|Any CPU
		{C4FC1C4E-F760-47D7-AC0F-BDA1B339E591}.Debug|Any CPU.ActiveCfg = Debug|Any CPU
		{C4FC1C4E-F760-47D7-AC0F-BDA1B339E591}.Debug|Any CPU.Build.0 = Debug|Any CPU
		{C4FC1C4E-F760-47D7-AC0F-BDA1B339E591}.Release|Any CPU.ActiveCfg = Release|Any CPU
		{C4FC1C4E-F760-47D7-AC0F-BDA1B339E591}.Release|Any CPU.Build.0 = Release|Any CPU
		{8F2407A0-2F56-4FE4-BC50-8456FA1F24A6}.Debug|Any CPU.ActiveCfg = Debug|Any CPU
		{8F2407A0-2F56-4FE4-BC50-8456FA1F24A6}.Debug|Any CPU.Build.0 = Debug|Any CPU
		{8F2407A0-2F56-4FE4-BC50-8456FA1F24A6}.Release|Any CPU.ActiveCfg = Release|Any CPU
		{8F2407A0-2F56-4FE4-BC50-8456FA1F24A6}.Release|Any CPU.Build.0 = Release|Any CPU
		{B488F3A7-CC2F-4CA9-9DEA-72BD7C5DB174}.Debug|Any CPU.ActiveCfg = Debug|Any CPU
		{B488F3A7-CC2F-4CA9-9DEA-72BD7C5DB174}.Debug|Any CPU.Build.0 = Debug|Any CPU
		{B488F3A7-CC2F-4CA9-9DEA-72BD7C5DB174}.Release|Any CPU.ActiveCfg = Release|Any CPU
		{B488F3A7-CC2F-4CA9-9DEA-72BD7C5DB174}.Release|Any CPU.Build.0 = Release|Any CPU
	EndGlobalSection
	GlobalSection(SolutionProperties) = preSolution
		HideSolutionNode = FALSE
	EndGlobalSection
	GlobalSection(NestedProjects) = preSolution
		{B74EA179-8D7D-4B1D-88E0-CCD18B1FDC43} = {24DAD56C-FBE4-478C-BB28-44DF8E965C7E}
		{91371F1F-965E-4C5E-9ECD-61923410FAA3} = {99D3E129-8976-4ECB-8DB9-EB2C8220CD1E}
		{C4FC1C4E-F760-47D7-AC0F-BDA1B339E591} = {C45B2BC0-1489-4BCC-B3E8-2F6EA3789A6C}
		{8F2407A0-2F56-4FE4-BC50-8456FA1F24A6} = {505832BF-3AE2-4C57-870E-CD6C1C0D8C9C}
		{B488F3A7-CC2F-4CA9-9DEA-72BD7C5DB174} = {5709AAE8-EB06-49F6-84EA-9C9C3CD0A861}
	EndGlobalSection
EndGlobal
